
Microsoft Visual Studio Solution File, Format Version 12.00
Project("{FAE04EC0-301F-11D3-BF4B-00C04F79EFBC}") = "raylib-cs-playground", "raylib-cs-playground.csproj", "{417C25DA-FE40-4242-97D5-BC4CD61E09D8}"
EndProject
Global
	GlobalSection(SolutionConfigurationPlatforms) = preSolution
		Debug|Any CPU = Debug|Any CPU
		Release|Any CPU = Release|Any CPU
	EndGlobalSection
	GlobalSection(ProjectConfigurationPlatforms) = postSolution
		{417C25DA-FE40-4242-97D5-BC4CD61E09D8}.Debug|Any CPU.ActiveCfg = Debug|x64
		{417C25DA-FE40-4242-97D5-BC4CD61E09D8}.Debug|Any CPU.Build.0 = Debug|x64
	EndGlobalSection
EndGlobal
